
Microsoft Visual Studio Solution File, Format Version 9.00
# Visual Studio 2005
Project("{54435603-DBB4-11D2-8724-00A0C9A8B90C}") = "BBeBinderSetup", "BBeBinderSetup.vdproj", "{BA402D89-9F44-4F27-AB40-C0143C9B1800}"
EndProject
Project("{FAE04EC0-301F-11D3-BF4B-00C04F79EFBC}") = "BBeBinder", "..\BBeBinder\BBeBinder.csproj", "{0E452E0B-3C02-4CEF-ABCB-1147F0BA3111}"
EndProject
Project("{FAE04EC0-301F-11D3-BF4B-00C04F79EFBC}") = "BBeBLib", "..\BBeBLib\BBeBLib.csproj", "{9DA9D58C-E89D-4934-82FA-9891C3FAC46F}"
EndProject
Project("{FAE04EC0-301F-11D3-BF4B-00C04F79EFBC}") = "GutenbergLib", "..\GutenbergLib\GutenbergLib.csproj", "{B2E33F9C-2480-42D7-BF66-F2E22BD08924}"
EndProject
Project("{FAE04EC0-301F-11D3-BF4B-00C04F79EFBC}") = "BBeBinderPluginInterface", "..\BBeBinderPluginInterface\BBeBinderPluginInterface.csproj", "{B7E49339-F245-4ACD-9667-8B695277C3C1}"
EndProject
Project("{FAE04EC0-301F-11D3-BF4B-00C04F79EFBC}") = "BBeBinderPlugins", "..\BBeBinderPlugins\BBeBinderPlugins.csproj", "{B0C164A9-84C9-4A4D-B741-7B99833C727C}"
EndProject
Global
	GlobalSection(SolutionConfigurationPlatforms) = preSolution
		Debug|Any CPU = Debug|Any CPU
		Release|Any CPU = Release|Any CPU
	EndGlobalSection
	GlobalSection(ProjectConfigurationPlatforms) = postSolution
		{BA402D89-9F44-4F27-AB40-C0143C9B1800}.Debug|Any CPU.ActiveCfg = Debug
		{BA402D89-9F44-4F27-AB40-C0143C9B1800}.Debug|Any CPU.Build.0 = Debug
		{BA402D89-9F44-4F27-AB40-C0143C9B1800}.Release|Any CPU.ActiveCfg = Release
		{BA402D89-9F44-4F27-AB40-C0143C9B1800}.Release|Any CPU.Build.0 = Release
		{0E452E0B-3C02-4CEF-ABCB-1147F0BA3111}.Debug|Any CPU.ActiveCfg = Debug|Any CPU
		{0E452E0B-3C02-4CEF-ABCB-1147F0BA3111}.Debug|Any CPU.Build.0 = Debug|Any CPU
		{0E452E0B-3C02-4CEF-ABCB-1147F0BA3111}.Release|Any CPU.ActiveCfg = Release|Any CPU
		{0E452E0B-3C02-4CEF-ABCB-1147F0BA3111}.Release|Any CPU.Build.0 = Release|Any CPU
		{9DA9D58C-E89D-4934-82FA-9891C3FAC46F}.Debug|Any CPU.ActiveCfg = Debug|Any CPU
		{9DA9D58C-E89D-4934-82FA-9891C3FAC46F}.Debug|Any CPU.Build.0 = Debug|Any CPU
		{9DA9D58C-E89D-4934-82FA-9891C3FAC46F}.Release|Any CPU.ActiveCfg = Release|Any CPU
		{9DA9D58C-E89D-4934-82FA-9891C3FAC46F}.Release|Any CPU.Build.0 = Release|Any CPU
		{B2E33F9C-2480-42D7-BF66-F2E22BD08924}.Debug|Any CPU.ActiveCfg = Debug|Any CPU
		{B2E33F9C-2480-42D7-BF66-F2E22BD08924}.Debug|Any CPU.Build.0 = Debug|Any CPU
		{B2E33F9C-2480-42D7-BF66-F2E22BD08924}.Release|Any CPU.ActiveCfg = Release|Any CPU
		{B2E33F9C-2480-42D7-BF66-F2E22BD08924}.Release|Any CPU.Build.0 = Release|Any CPU
		{B7E49339-F245-4ACD-9667-8B695277C3C1}.Debug|Any CPU.ActiveCfg = Debug|Any CPU
		{B7E49339-F245-4ACD-9667-8B695277C3C1}.Debug|Any CPU.Build.0 = Debug|Any CPU
		{B7E49339-F245-4ACD-9667-8B695277C3C1}.Release|Any CPU.ActiveCfg = Release|Any CPU
		{B7E49339-F245-4ACD-9667-8B695277C3C1}.Release|Any CPU.Build.0 = Release|Any CPU
		{B0C164A9-84C9-4A4D-B741-7B99833C727C}.Debug|Any CPU.ActiveCfg = Debug|Any CPU
		{B0C164A9-84C9-4A4D-B741-7B99833C727C}.Debug|Any CPU.Build.0 = Debug|Any CPU
		{B0C164A9-84C9-4A4D-B741-7B99833C727C}.Release|Any CPU.ActiveCfg = Release|Any CPU
		{B0C164A9-84C9-4A4D-B741-7B99833C727C}.Release|Any CPU.Build.0 = Release|Any CPU
	EndGlobalSection
	GlobalSection(SolutionProperties) = preSolution
		HideSolutionNode = FALSE
	EndGlobalSection
EndGlobal
